
Microsoft Visual Studio Solution File, Format Version 12.00
# Visual Studio Version 16
VisualStudioVersion = 16.0.29926.136
MinimumVisualStudioVersion = 10.0.40219.1
Project("{FAE04EC0-301F-11D3-BF4B-00C04F79EFBC}") = "EmailSchedulerConsole", "EmailSchedulerConsole\EmailSchedulerConsole.csproj", "{DD7E7CCD-3A0F-47FD-BA92-09671D77A06B}"
EndProject
Project("{FAE04EC0-301F-11D3-BF4B-00C04F79EFBC}") = "EmailScheduler_Library", "EmailScheduler_Library\EmailScheduler_Library.csproj", "{21797F99-5CD1-4882-A165-4465C31A69F2}"
EndProject
Project("{FAE04EC0-301F-11D3-BF4B-00C04F79EFBC}") = "EmailScheduler.DTO", "EmailScheduler.DTO\EmailScheduler.DTO.csproj", "{27A2D85D-E9CC-4968-BBC3-8B8D0C03970E}"
EndProject
Project("{FAE04EC0-301F-11D3-BF4B-00C04F79EFBC}") = "EmailScheduler.DAL", "EmailScheduler.DAL\EmailScheduler.DAL.csproj", "{548DF7F0-CFAA-4F18-B8D0-EDBC5A8207DB}"
EndProject
Global
	GlobalSection(SolutionConfigurationPlatforms) = preSolution
		Debug|Any CPU = Debug|Any CPU
		Release|Any CPU = Release|Any CPU
	EndGlobalSection
	GlobalSection(ProjectConfigurationPlatforms) = postSolution
		{DD7E7CCD-3A0F-47FD-BA92-09671D77A06B}.Debug|Any CPU.ActiveCfg = Debug|Any CPU
		{DD7E7CCD-3A0F-47FD-BA92-09671D77A06B}.Debug|Any CPU.Build.0 = Debug|Any CPU
		{DD7E7CCD-3A0F-47FD-BA92-09671D77A06B}.Release|Any CPU.ActiveCfg = Release|Any CPU
		{DD7E7CCD-3A0F-47FD-BA92-09671D77A06B}.Release|Any CPU.Build.0 = Release|Any CPU
		{21797F99-5CD1-4882-A165-4465C31A69F2}.Debug|Any CPU.ActiveCfg = Debug|Any CPU
		{21797F99-5CD1-4882-A165-4465C31A69F2}.Debug|Any CPU.Build.0 = Debug|Any CPU
		{21797F99-5CD1-4882-A165-4465C31A69F2}.Release|Any CPU.ActiveCfg = Release|Any CPU
		{21797F99-5CD1-4882-A165-4465C31A69F2}.Release|Any CPU.Build.0 = Release|Any CPU
		{27A2D85D-E9CC-4968-BBC3-8B8D0C03970E}.Debug|Any CPU.ActiveCfg = Debug|Any CPU
		{27A2D85D-E9CC-4968-BBC3-8B8D0C03970E}.Debug|Any CPU.Build.0 = Debug|Any CPU
		{27A2D85D-E9CC-4968-BBC3-8B8D0C03970E}.Release|Any CPU.ActiveCfg = Release|Any CPU
		{27A2D85D-E9CC-4968-BBC3-8B8D0C03970E}.Release|Any CPU.Build.0 = Release|Any CPU
		{548DF7F0-CFAA-4F18-B8D0-EDBC5A8207DB}.Debug|Any CPU.ActiveCfg = Debug|Any CPU
		{548DF7F0-CFAA-4F18-B8D0-EDBC5A8207DB}.Debug|Any CPU.Build.0 = Debug|Any CPU
		{548DF7F0-CFAA-4F18-B8D0-EDBC5A8207DB}.Release|Any CPU.ActiveCfg = Release|Any CPU
		{548DF7F0-CFAA-4F18-B8D0-EDBC5A8207DB}.Release|Any CPU.Build.0 = Release|Any CPU
	EndGlobalSection
	GlobalSection(SolutionProperties) = preSolution
		HideSolutionNode = FALSE
	EndGlobalSection
	GlobalSection(ExtensibilityGlobals) = postSolution
		SolutionGuid = {FD28A896-B432-433E-9E33-E7F59FC34788}
	EndGlobalSection
EndGlobal
